
Microsoft Visual Studio Solution File, Format Version 12.00
# Visual Studio Version 17
VisualStudioVersion = 17.14.36429.23
MinimumVisualStudioVersion = 10.0.40219.1
Project("{FAE04EC0-301F-11D3-BF4B-00C04F79EFBC}") = "Coffee_Ordering_Program", "Coffee_Ordering_Program\Coffee_Ordering_Program.csproj", "{501B2E22-FEDE-4D4B-AB2E-D7FF70B55422}"
EndProject
Project("{FAE04EC0-301F-11D3-BF4B-00C04F79EFBC}") = "Grade_Flash_Card_App", "Grade_Flash_Card_App\Grade_Flash_Card_App.csproj", "{B4E0E349-A2E2-4B96-8ED0-21E8E361FCD8}"
EndProject
Project("{FAE04EC0-301F-11D3-BF4B-00C04F79EFBC}") = "Problem_3_10", "Problem_3_10\Problem_3_10.csproj", "{6F7079A0-11EE-4B55-9808-EF136AB61DB4}"
EndProject
Project("{FAE04EC0-301F-11D3-BF4B-00C04F79EFBC}") = "Problem_3-14", "Problem_3-14\Problem_3-14.csproj", "{1BBA28C7-9CEF-4AA0-AE4D-CAA2E91011C4}"
EndProject
Project("{FAE04EC0-301F-11D3-BF4B-00C04F79EFBC}") = "BMI-Calculator-Revisited", "BMI-Calculator-Revisited\BMI-Calculator-Revisited.csproj", "{BEDDE118-8D70-4291-BBE1-4EE6557E2A34}"
EndProject
Project("{FAE04EC0-301F-11D3-BF4B-00C04F79EFBC}") = "Second-Grade-Flash-Card-App", "Second-Grade-Flash-Card-App\Second-Grade-Flash-Card-App.csproj", "{9E86E096-E859-49B9-8318-9E0FD63E0EE0}"
EndProject
Global
	GlobalSection(SolutionConfigurationPlatforms) = preSolution
		Debug|Any CPU = Debug|Any CPU
		Release|Any CPU = Release|Any CPU
	EndGlobalSection
	GlobalSection(ProjectConfigurationPlatforms) = postSolution
		{501B2E22-FEDE-4D4B-AB2E-D7FF70B55422}.Debug|Any CPU.ActiveCfg = Debug|Any CPU
		{501B2E22-FEDE-4D4B-AB2E-D7FF70B55422}.Debug|Any CPU.Build.0 = Debug|Any CPU
		{501B2E22-FEDE-4D4B-AB2E-D7FF70B55422}.Release|Any CPU.ActiveCfg = Release|Any CPU
		{501B2E22-FEDE-4D4B-AB2E-D7FF70B55422}.Release|Any CPU.Build.0 = Release|Any CPU
		{B4E0E349-A2E2-4B96-8ED0-21E8E361FCD8}.Debug|Any CPU.ActiveCfg = Debug|Any CPU
		{B4E0E349-A2E2-4B96-8ED0-21E8E361FCD8}.Debug|Any CPU.Build.0 = Debug|Any CPU
		{B4E0E349-A2E2-4B96-8ED0-21E8E361FCD8}.Release|Any CPU.ActiveCfg = Release|Any CPU
		{B4E0E349-A2E2-4B96-8ED0-21E8E361FCD8}.Release|Any CPU.Build.0 = Release|Any CPU
		{6F7079A0-11EE-4B55-9808-EF136AB61DB4}.Debug|Any CPU.ActiveCfg = Debug|Any CPU
		{6F7079A0-11EE-4B55-9808-EF136AB61DB4}.Debug|Any CPU.Build.0 = Debug|Any CPU
		{6F7079A0-11EE-4B55-9808-EF136AB61DB4}.Release|Any CPU.ActiveCfg = Release|Any CPU
		{6F7079A0-11EE-4B55-9808-EF136AB61DB4}.Release|Any CPU.Build.0 = Release|Any CPU
		{1BBA28C7-9CEF-4AA0-AE4D-CAA2E91011C4}.Debug|Any CPU.ActiveCfg = Debug|Any CPU
		{1BBA28C7-9CEF-4AA0-AE4D-CAA2E91011C4}.Debug|Any CPU.Build.0 = Debug|Any CPU
		{1BBA28C7-9CEF-4AA0-AE4D-CAA2E91011C4}.Release|Any CPU.ActiveCfg = Release|Any CPU
		{1BBA28C7-9CEF-4AA0-AE4D-CAA2E91011C4}.Release|Any CPU.Build.0 = Release|Any CPU
		{BEDDE118-8D70-4291-BBE1-4EE6557E2A34}.Debug|Any CPU.ActiveCfg = Debug|Any CPU
		{BEDDE118-8D70-4291-BBE1-4EE6557E2A34}.Debug|Any CPU.Build.0 = Debug|Any CPU
		{BEDDE118-8D70-4291-BBE1-4EE6557E2A34}.Release|Any CPU.ActiveCfg = Release|Any CPU
		{BEDDE118-8D70-4291-BBE1-4EE6557E2A34}.Release|Any CPU.Build.0 = Release|Any CPU
		{9E86E096-E859-49B9-8318-9E0FD63E0EE0}.Debug|Any CPU.ActiveCfg = Debug|Any CPU
		{9E86E096-E859-49B9-8318-9E0FD63E0EE0}.Debug|Any CPU.Build.0 = Debug|Any CPU
		{9E86E096-E859-49B9-8318-9E0FD63E0EE0}.Release|Any CPU.ActiveCfg = Release|Any CPU
		{9E86E096-E859-49B9-8318-9E0FD63E0EE0}.Release|Any CPU.Build.0 = Release|Any CPU
	EndGlobalSection
	GlobalSection(SolutionProperties) = preSolution
		HideSolutionNode = FALSE
	EndGlobalSection
	GlobalSection(ExtensibilityGlobals) = postSolution
		SolutionGuid = {64B2E296-412B-4E5B-A897-477DFF09A4F1}
	EndGlobalSection
EndGlobal
