
Microsoft Visual Studio Solution File, Format Version 12.00
# Visual Studio Version 17
VisualStudioVersion = 17.14.36429.23 d17.14
MinimumVisualStudioVersion = 10.0.40219.1
Project("{FAE04EC0-301F-11D3-BF4B-00C04F79EFBC}") = "Roman_Numeral_Converter_4_1", "Roman_Numeral_Converter_4_1\Roman_Numeral_Converter_4_1.csproj", "{0AF8BDF7-E354-4B89-B1B5-B238D0E6660A}"
EndProject
Global
	GlobalSection(SolutionConfigurationPlatforms) = preSolution
		Debug|Any CPU = Debug|Any CPU
		Release|Any CPU = Release|Any CPU
	EndGlobalSection
	GlobalSection(ProjectConfigurationPlatforms) = postSolution
		{0AF8BDF7-E354-4B89-B1B5-B238D0E6660A}.Debug|Any CPU.ActiveCfg = Debug|Any CPU
		{0AF8BDF7-E354-4B89-B1B5-B238D0E6660A}.Debug|Any CPU.Build.0 = Debug|Any CPU
		{0AF8BDF7-E354-4B89-B1B5-B238D0E6660A}.Release|Any CPU.ActiveCfg = Release|Any CPU
		{0AF8BDF7-E354-4B89-B1B5-B238D0E6660A}.Release|Any CPU.Build.0 = Release|Any CPU
	EndGlobalSection
	GlobalSection(SolutionProperties) = preSolution
		HideSolutionNode = FALSE
	EndGlobalSection
	GlobalSection(ExtensibilityGlobals) = postSolution
		SolutionGuid = {B45EBD79-E1A3-4649-A617-90E43ADA0505}
	EndGlobalSection
EndGlobal
